// !$*UTF8*$!
{
	archiveVersion = 1;
	classes = {
	};
	objectVersion = 46;
	objects = {

/* Begin PBXBuildFile section */
		C977A56C1E41D36600A4F59F /* AppDelegate.swift in Sources */ = {isa = PBXBuildFile; fileRef = C977A56B1E41D36600A4F59F /* AppDelegate.swift */; };
		C977A56E1E41D36600A4F59F /* ViewController.swift in Sources */ = {isa = PBXBuildFile; fileRef = C977A56D1E41D36600A4F59F /* ViewController.swift */; };
		C977A5711E41D36600A4F59F /* Main.storyboard in Resources */ = {isa = PBXBuildFile; fileRef = C977A56F1E41D36600A4F59F /* Main.storyboard */; };
		C977A5731E41D36600A4F59F /* Assets.xcassets in Resources */ = {isa = PBXBuildFile; fileRef = C977A5721E41D36600A4F59F /* Assets.xcassets */; };
		C977A5761E41D36600A4F59F /* LaunchScreen.storyboard in Resources */ = {isa = PBXBuildFile; fileRef = C977A5741E41D36600A4F59F /* LaunchScreen.storyboard */; };
/* End PBXBuildFile section */

/* Begin PBXFileReference section */
		C977A5681E41D36600A4F59F /* MPMusicPlayerControllerAppendPrependSample.app */ = {isa = PBXFileReference; explicitFileType = wrapper.application; includeInIndex = 0; path = MPMusicPlayerControllerAppendPrependSample.app; sourceTree = BUILT_PRODUCTS_DIR; };
		C977A56B1E41D36600A4F59F /* AppDelegate.swift */ = {isa = PBXFileReference; lastKnownFileType = sourcecode.swift; path = AppDelegate.swift; sourceTree = "<group>"; };
		C977A56D1E41D36600A4F59F /* ViewController.swift */ = {isa = PBXFileReference; lastKnownFileType = sourcecode.swift; path = ViewController.swift; sourceTree = "<group>"; };
		C977A5701E41D36600A4F59F /* Base */ = {isa = PBXFileReference; lastKnownFileType = file.storyboard; name = Base; path = Base.lproj/Main.storyboard; sourceTree = "<group>"; };
		C977A5721E41D36600A4F59F /* Assets.xcassets */ = {isa = PBXFileReference; lastKnownFileType = folder.assetcatalog; path = Assets.xcassets; sourceTree = "<group>"; };
		C977A5751E41D36600A4F59F /* Base */ = {isa = PBXFileReference; lastKnownFileType = file.storyboard; name = Base; path = Base.lproj/LaunchScreen.storyboard; sourceTree = "<group>"; };
		C977A5771E41D36600A4F59F /* Info.plist */ = {isa = PBXFileReference; lastKnownFileType = text.plist.xml; path = Info.plist; sourceTree = "<group>"; };
/* End PBXFileReference section */

/* Begin PBXFrameworksBuildPhase section */
		C977A5651E41D36600A4F59F /* Frameworks */ = {
			isa = PBXFrameworksBuildPhase;
			buildActionMask = 2147483647;
			files = (
			);
			runOnlyForDeploymentPostprocessing = 0;
		};
/* End PBXFrameworksBuildPhase section */

/* Begin PBXGroup section */
		C977A55F1E41D36600A4F59F = {
			isa = PBXGroup;
			children = (
				C977A56A1E41D36600A4F59F /* MPMusicPlayerControllerAppendPrependSample */,
				C977A5691E41D36600A4F59F /* Products */,
			);
			sourceTree = "<group>";
		};
		C977A5691E41D36600A4F59F /* Products */ = {
			isa = PBXGroup;
			children = (
				C977A5681E41D36600A4F59F /* MPMusicPlayerControllerAppendPrependSample.app */,
			);
			name = Products;
			sourceTree = "<group>";
		};
		C977A56A1E41D36600A4F59F /* MPMusicPlayerControllerAppendPrependSample */ = {
			isa = PBXGroup;
			children = (
				C977A56B1E41D36600A4F59F /* AppDelegate.swift */,
				C977A56D1E41D36600A4F59F /* ViewController.swift */,
				C977A56F1E41D36600A4F59F /* Main.storyboard */,
				C977A5721E41D36600A4F59F /* Assets.xcassets */,
				C977A5741E41D36600A4F59F /* LaunchScreen.storyboard */,
				C977A5771E41D36600A4F59F /* Info.plist */,
			);
			path = MPMusicPlayerControllerAppendPrependSample;
			sourceTree = "<group>";
		};
/* End PBXGroup section */

/* Begin PBXNativeTarget section */
		C977A5671E41D36600A4F59F /* MPMusicPlayerControllerAppendPrependSample */ = {
			isa = PBXNativeTarget;
			buildConfigurationList = C977A57A1E41D36600A4F59F /* Build configuration list for PBXNativeTarget "MPMusicPlayerControllerAppendPrependSample" */;
			buildPhases = (
				C977A5641E41D36600A4F59F /* Sources */,
				C977A5651E41D36600A4F59F /* Frameworks */,
				C977A5661E41D36600A4F59F /* Resources */,
			);
			buildRules = (
			);
			dependencies = (
			);
			name = MPMusicPlayerControllerAppendPrependSample;
			productName = MPMusicPlayerControllerAppendPrependSample;
			productReference = C977A5681E41D36600A4F59F /* MPMusicPlayerControllerAppendPrependSample.app */;
			productType = "com.apple.product-type.application";
		};
/* End PBXNativeTarget section */

/* Begin PBXProject section */
		C977A5601E41D36600A4F59F /* Project object */ = {
			isa = PBXProject;
			attributes = {
				LastSwiftUpdateCheck = 0830;
				LastUpgradeCheck = 0830;
				ORGANIZATIONNAME = hiraya.shingo;
				TargetAttributes = {
					C977A5671E41D36600A4F59F = {
						CreatedOnToolsVersion = 8.3;
						DevelopmentTeam = R6USV66H63;
						ProvisioningStyle = Automatic;
					};
				};
			};
			buildConfigurationList = C977A5631E41D36600A4F59F /* Build configuration list for PBXProject "MPMusicPlayerControllerAppendPrependSample" */;
			compatibilityVersion = "Xcode 3.2";
			developmentRegion = English;
			hasScannedForEncodings = 0;
			knownRegions = (
				en,
				Base,
			);
			mainGroup = C977A55F1E41D36600A4F59F;
			productRefGroup = C977A5691E41D36600A4F59F /* Products */;
			projectDirPath = "";
			projectRoot = "";
			targets = (
				C977A5671E41D36600A4F59F /* MPMusicPlayerControllerAppendPrependSample */,
			);
		};
/* End PBXProject section */

/* Begin PBXResourcesBuildPhase section */
		C977A5661E41D36600A4F59F /* Resources */ = {
			isa = PBXResourcesBuildPhase;
			buildActionMask = 2147483647;
			files = (
				C977A5761E41D36600A4F59F /* LaunchScreen.storyboard in Resources */,
				C977A5731E41D36600A4F59F /* Assets.xcassets in Resources */,
				C977A5711E41D36600A4F59F /* Main.storyboard in Resources */,
			);
			runOnlyForDeploymentPostprocessing = 0;
		};
/* End PBXResourcesBuildPhase section */

/* Begin PBXSourcesBuildPhase section */
		C977A5641E41D36600A4F59F /* Sources */ = {
			isa = PBXSourcesBuildPhase;
			buildActionMask = 2147483647;
			files = (
				C977A56E1E41D36600A4F59F /* ViewController.swift in Sources */,
				C977A56C1E41D36600A4F59F /* AppDelegate.swift in Sources */,
			);
			runOnlyForDeploymentPostprocessing = 0;
		};
/* End PBXSourcesBuildPhase section */

/* Begin PBXVariantGroup section */
		C977A56F1E41D36600A4F59F /* Main.storyboard */ = {
			isa = PBXVariantGroup;
			children = (
				C977A5701E41D36600A4F59F /* Base */,
			);
			name = Main.storyboard;
			sourceTree = "<group>";
		};
		C977A5741E41D36600A4F59F /* LaunchScreen.storyboard */ = {
			isa = PBXVariantGroup;
			children = (
				C977A5751E41D36600A4F59F /* Base */,
			);
			name = LaunchScreen.storyboard;
			sourceTree = "<group>";
		};
/* End PBXVariantGroup section */

/* Begin XCBuildConfiguration section */
		C977A5781E41D36600A4F59F /* Debug */ = {
			isa = XCBuildConfiguration;
			buildSettings = {
				ALWAYS_SEARCH_USER_PATHS = NO;
				CLANG_ANALYZER_NONNULL = YES;
				CLANG_ANALYZER_NUMBER_OBJECT_CONVERSION = YES_AGGRESSIVE;
				CLANG_CXX_LANGUAGE_STANDARD = "gnu++0x";
				CLANG_CXX_LIBRARY = "libc++";
				CLANG_ENABLE_MODULES = YES;
				CLANG_ENABLE_OBJC_ARC = YES;
				CLANG_WARN_BOOL_CONVERSION = YES;
				CLANG_WARN_CONSTANT_CONVERSION = YES;
				CLANG_WARN_DIRECT_OBJC_ISA_USAGE = YES_ERROR;
				CLANG_WARN_DOCUMENTATION_COMMENTS = YES;
				CLANG_WARN_EMPTY_BODY = YES;
				CLANG_WARN_ENUM_CONVERSION = YES;
				CLANG_WARN_INFINITE_RECURSION = YES;
				CLANG_WARN_INT_CONVERSION = YES;
				CLANG_WARN_OBJC_ROOT_CLASS = YES_ERROR;
				CLANG_WARN_SUSPICIOUS_MOVE = YES;
				CLANG_WARN_UNREACHABLE_CODE = YES;
				CLANG_WARN__DUPLICATE_METHOD_MATCH = YES;
				"CODE_SIGN_IDENTITY[sdk=iphoneos*]" = "iPhone Developer";
				COPY_PHASE_STRIP = NO;
				DEBUG_INFORMATION_FORMAT = dwarf;
				ENABLE_STRICT_OBJC_MSGSEND = YES;
				ENABLE_TESTABILITY = YES;
				GCC_C_LANGUAGE_STANDARD = gnu99;
				GCC_DYNAMIC_NO_PIC = NO;
				GCC_NO_COMMON_BLOCKS = YES;
				GCC_OPTIMIZATION_LEVEL = 0;
				GCC_PREPROCESSOR_DEFINITIONS = (
					"DEBUG=1",
					"$(inherited)",
				);
				GCC_WARN_64_TO_32_BIT_CONVERSION = YES;
				GCC_WARN_ABOUT_RETURN_TYPE = YES_ERROR;
				GCC_WARN_UNDECLARED_SELECTOR = YES;
				GCC_WARN_UNINITIALIZED_AUTOS = YES_AGGRESSIVE;
				GCC_WARN_UNUSED_FUNCTION = YES;
				GCC_WARN_UNUSED_VARIABLE = YES;
				IPHONEOS_DEPLOYMENT_TARGET = 10.3;
				MTL_ENABLE_DEBUG_INFO = YES;
				ONLY_ACTIVE_ARCH = YES;
				SDKROOT = iphoneos;
				SWIFT_ACTIVE_COMPILATION_CONDITIONS = DEBUG;
				SWIFT_OPTIMIZATION_LEVEL = "-Onone";
			};
			name = Debug;
		};
		C977A5791E41D36600A4F59F /* Release */ = {
			isa = XCBuildConfiguration;
			buildSettings = {
				ALWAYS_SEARCH_USER_PATHS = NO;
				CLANG_ANALYZER_NONNULL = YES;
				CLANG_ANALYZER_NUMBER_OBJECT_CONVERSION = YES_AGGRESSIVE;
				CLANG_CXX_LANGUAGE_STANDARD = "gnu++0x";
				CLANG_CXX_LIBRARY = "libc++";
				CLANG_ENABLE_MODULES = YES;
				CLANG_ENABLE_OBJC_ARC = YES;
				CLANG_WARN_BOOL_CONVERSION = YES;
				CLANG_WARN_CONSTANT_CONVERSION = YES;
				CLANG_WARN_DIRECT_OBJC_ISA_USAGE = YES_ERROR;
				CLANG_WARN_DOCUMENTATION_COMMENTS = YES;
				CLANG_WARN_EMPTY_BODY = YES;
				CLANG_WARN_ENUM_CONVERSION = YES;
				CLANG_WARN_INFINITE_RECURSION = YES;
				CLANG_WARN_INT_CONVERSION = YES;
				CLANG_WARN_OBJC_ROOT_CLASS = YES_ERROR;
				CLANG_WARN_SUSPICIOUS_MOVE = YES;
				CLANG_WARN_UNREACHABLE_CODE = YES;
				CLANG_WARN__DUPLICATE_METHOD_MATCH = YES;
				"CODE_SIGN_IDENTITY[sdk=iphoneos*]" = "iPhone Developer";
				COPY_PHASE_STRIP = NO;
				DEBUG_INFORMATION_FORMAT = "dwarf-with-dsym";
				ENABLE_NS_ASSERTIONS = NO;
				ENABLE_STRICT_OBJC_MSGSEND = YES;
				GCC_C_LANGUAGE_STANDARD = gnu99;
				GCC_NO_COMMON_BLOCKS = YES;
				GCC_WARN_64_TO_32_BIT_CONVERSION = YES;
				GCC_WARN_ABOUT_RETURN_TYPE = YES_ERROR;
				GCC_WARN_UNDECLARED_SELECTOR = YES;
				GCC_WARN_UNINITIALIZED_AUTOS = YES_AGGRESSIVE;
				GCC_WARN_UNUSED_FUNCTION = YES;
				GCC_WARN_UNUSED_VARIABLE = YES;
				IPHONEOS_DEPLOYMENT_TARGET = 10.3;
				MTL_ENABLE_DEBUG_INFO = NO;
				SDKROOT = iphoneos;
				SWIFT_OPTIMIZATION_LEVEL = "-Owholemodule";
				VALIDATE_PRODUCT = YES;
			};
			name = Release;
		};
		C977A57B1E41D36600A4F59F /* Debug */ = {
			isa = XCBuildConfiguration;
			buildSettings = {
				ASSETCATALOG_COMPILER_APPICON_NAME = AppIcon;
				DEVELOPMENT_TEAM = R6USV66H63;
				INFOPLIST_FILE = MPMusicPlayerControllerAppendPrependSample/Info.plist;
				LD_RUNPATH_SEARCH_PATHS = "$(inherited) @executable_path/Frameworks";
				PRODUCT_BUNDLE_IDENTIFIER = com.shingohry.MPMusicPlayerControllerAppendPrependSample;
				PRODUCT_NAME = "$(TARGET_NAME)";
				SWIFT_VERSION = 3.0;
			};
			name = Debug;
		};
		C977A57C1E41D36600A4F59F /* Release */ = {
			isa = XCBuildConfiguration;
			buildSettings = {
				ASSETCATALOG_COMPILER_APPICON_NAME = AppIcon;
				DEVELOPMENT_TEAM = R6USV66H63;
				INFOPLIST_FILE = MPMusicPlayerControllerAppendPrependSample/Info.plist;
				LD_RUNPATH_SEARCH_PATHS = "$(inherited) @executable_path/Frameworks";
				PRODUCT_BUNDLE_IDENTIFIER = com.shingohry.MPMusicPlayerControllerAppendPrependSample;
				PRODUCT_NAME = "$(TARGET_NAME)";
				SWIFT_VERSION = 3.0;
			};
			name = Release;
		};
/* End XCBuildConfiguration section */

/* Begin XCConfigurationList section */
		C977A5631E41D36600A4F59F /* Build configuration list for PBXProject "MPMusicPlayerControllerAppendPrependSample" */ = {
			isa = XCConfigurationList;
			buildConfigurations = (
				C977A5781E41D36600A4F59F /* Debug */,
				C977A5791E41D36600A4F59F /* Release */,
			);
			defaultConfigurationIsVisible = 0;
			defaultConfigurationName = Release;
		};
		C977A57A1E41D36600A4F59F /* Build configuration list for PBXNativeTarget "MPMusicPlayerControllerAppendPrependSample" */ = {
			isa = XCConfigurationList;
			buildConfigurations = (
				C977A57B1E41D36600A4F59F /* Debug */,
				C977A57C1E41D36600A4F59F /* Release */,
			);
			defaultConfigurationIsVisible = 0;
		};
/* End XCConfigurationList section */
	};
	rootObject = C977A5601E41D36600A4F59F /* Project object */;
}
